
Microsoft Visual Studio Solution File, Format Version 12.00
# Visual Studio Version 17
VisualStudioVersion = 17.4.33403.182
MinimumVisualStudioVersion = 10.0.40219.1
Project("{9A19103F-16F7-4668-BE54-9A1E7A4F7556}") = "NHLStatistics", "NHLStatistics\NHLStatistics.csproj", "{2825A0E2-BDD5-4EDD-8408-1ACBEB633D63}"
	ProjectSection(ProjectDependencies) = postProject
		{BCC02EF8-68D5-49E1-9F42-1B1886A3D4D7} = {BCC02EF8-68D5-49E1-9F42-1B1886A3D4D7}
		{F6D10D23-13C0-4626-8C4C-FC59F9490A27} = {F6D10D23-13C0-4626-8C4C-FC59F9490A27}
	EndProjectSection
EndProject
Project("{9A19103F-16F7-4668-BE54-9A1E7A4F7556}") = "NHL.Database", "NHL.Database\NHL.Database.csproj", "{BCC02EF8-68D5-49E1-9F42-1B1886A3D4D7}"
EndProject
Project("{2150E333-8FDC-42A3-9474-1A3956D46DE8}") = "src", "src", "{DB5E5E52-70E5-4F77-8027-DA834FF67D0E}"
	ProjectSection(SolutionItems) = preProject
		.dockerignore = .dockerignore
		docker-compose.yml = docker-compose.yml
		NHLStatistics\Dockerfile = NHLStatistics\Dockerfile
	EndProjectSection
EndProject
Project("{FAE04EC0-301F-11D3-BF4B-00C04F79EFBC}") = "NHL.Common", "NHL.Common\NHL.Common.csproj", "{F6D10D23-13C0-4626-8C4C-FC59F9490A27}"
EndProject
Global
	GlobalSection(SolutionConfigurationPlatforms) = preSolution
		Debug|Any CPU = Debug|Any CPU
		Release|Any CPU = Release|Any CPU
	EndGlobalSection
	GlobalSection(ProjectConfigurationPlatforms) = postSolution
		{2825A0E2-BDD5-4EDD-8408-1ACBEB633D63}.Debug|Any CPU.ActiveCfg = Debug|Any CPU
		{2825A0E2-BDD5-4EDD-8408-1ACBEB633D63}.Debug|Any CPU.Build.0 = Debug|Any CPU
		{2825A0E2-BDD5-4EDD-8408-1ACBEB633D63}.Release|Any CPU.ActiveCfg = Release|Any CPU
		{2825A0E2-BDD5-4EDD-8408-1ACBEB633D63}.Release|Any CPU.Build.0 = Release|Any CPU
		{BCC02EF8-68D5-49E1-9F42-1B1886A3D4D7}.Debug|Any CPU.ActiveCfg = Debug|Any CPU
		{BCC02EF8-68D5-49E1-9F42-1B1886A3D4D7}.Debug|Any CPU.Build.0 = Debug|Any CPU
		{BCC02EF8-68D5-49E1-9F42-1B1886A3D4D7}.Release|Any CPU.ActiveCfg = Release|Any CPU
		{BCC02EF8-68D5-49E1-9F42-1B1886A3D4D7}.Release|Any CPU.Build.0 = Release|Any CPU
		{F6D10D23-13C0-4626-8C4C-FC59F9490A27}.Debug|Any CPU.ActiveCfg = Debug|Any CPU
		{F6D10D23-13C0-4626-8C4C-FC59F9490A27}.Debug|Any CPU.Build.0 = Debug|Any CPU
		{F6D10D23-13C0-4626-8C4C-FC59F9490A27}.Release|Any CPU.ActiveCfg = Release|Any CPU
		{F6D10D23-13C0-4626-8C4C-FC59F9490A27}.Release|Any CPU.Build.0 = Release|Any CPU
	EndGlobalSection
	GlobalSection(SolutionProperties) = preSolution
		HideSolutionNode = FALSE
	EndGlobalSection
	GlobalSection(ExtensibilityGlobals) = postSolution
		SolutionGuid = {A6E552F7-99DB-42B0-825A-83D553C1BA93}
	EndGlobalSection
EndGlobal
